
Microsoft Visual Studio Solution File, Format Version 12.00
# Visual Studio 14
VisualStudioVersion = 14.0.25420.1
MinimumVisualStudioVersion = 10.0.40219.1
Project("{FAE04EC0-301F-11D3-BF4B-00C04F79EFBC}") = "Data-Structures-CSharp", "Data-Structures-CSharp\Data-Structures-CSharp.csproj", "{74EBDA88-5A24-439F-B50C-D3B4D8F7947F}"
EndProject
Project("{FAE04EC0-301F-11D3-BF4B-00C04F79EFBC}") = "Data-Structures-CSharpTests", "Data-Structures-CSharpTests\Data-Structures-CSharpTests.csproj", "{ABB3DD9C-BDD2-477E-B323-BAE3517FCD8D}"
EndProject
Global
	GlobalSection(SolutionConfigurationPlatforms) = preSolution
		Debug|Any CPU = Debug|Any CPU
		Release|Any CPU = Release|Any CPU
	EndGlobalSection
	GlobalSection(ProjectConfigurationPlatforms) = postSolution
		{74EBDA88-5A24-439F-B50C-D3B4D8F7947F}.Debug|Any CPU.ActiveCfg = Debug|Any CPU
		{74EBDA88-5A24-439F-B50C-D3B4D8F7947F}.Debug|Any CPU.Build.0 = Debug|Any CPU
		{74EBDA88-5A24-439F-B50C-D3B4D8F7947F}.Release|Any CPU.ActiveCfg = Release|Any CPU
		{74EBDA88-5A24-439F-B50C-D3B4D8F7947F}.Release|Any CPU.Build.0 = Release|Any CPU
		{ABB3DD9C-BDD2-477E-B323-BAE3517FCD8D}.Debug|Any CPU.ActiveCfg = Debug|Any CPU
		{ABB3DD9C-BDD2-477E-B323-BAE3517FCD8D}.Debug|Any CPU.Build.0 = Debug|Any CPU
		{ABB3DD9C-BDD2-477E-B323-BAE3517FCD8D}.Release|Any CPU.ActiveCfg = Release|Any CPU
		{ABB3DD9C-BDD2-477E-B323-BAE3517FCD8D}.Release|Any CPU.Build.0 = Release|Any CPU
	EndGlobalSection
	GlobalSection(SolutionProperties) = preSolution
		HideSolutionNode = FALSE
	EndGlobalSection
EndGlobal
