
Microsoft Visual Studio Solution File, Format Version 12.00
# Visual Studio 15
VisualStudioVersion = 15.0.28307.271
MinimumVisualStudioVersion = 10.0.40219.1
Project("{9A19103F-16F7-4668-BE54-9A1E7A4F7556}") = "LinkedList", "src\LinkedList\LinkedList.csproj", "{F8A75326-3047-4D71-8BA9-873C4AFED919}"
EndProject
Project("{9A19103F-16F7-4668-BE54-9A1E7A4F7556}") = "LinkedList.Test", "test\LinkedList.Test\LinkedList.Test.csproj", "{A9EAD22A-DCF3-4753-B2C5-A15E419EB2EB}"
EndProject
Global
	GlobalSection(SolutionConfigurationPlatforms) = preSolution
		Debug|Any CPU = Debug|Any CPU
		Release|Any CPU = Release|Any CPU
	EndGlobalSection
	GlobalSection(ProjectConfigurationPlatforms) = postSolution
		{F8A75326-3047-4D71-8BA9-873C4AFED919}.Debug|Any CPU.ActiveCfg = Debug|Any CPU
		{F8A75326-3047-4D71-8BA9-873C4AFED919}.Debug|Any CPU.Build.0 = Debug|Any CPU
		{F8A75326-3047-4D71-8BA9-873C4AFED919}.Release|Any CPU.ActiveCfg = Release|Any CPU
		{F8A75326-3047-4D71-8BA9-873C4AFED919}.Release|Any CPU.Build.0 = Release|Any CPU
		{A9EAD22A-DCF3-4753-B2C5-A15E419EB2EB}.Debug|Any CPU.ActiveCfg = Debug|Any CPU
		{A9EAD22A-DCF3-4753-B2C5-A15E419EB2EB}.Debug|Any CPU.Build.0 = Debug|Any CPU
		{A9EAD22A-DCF3-4753-B2C5-A15E419EB2EB}.Release|Any CPU.ActiveCfg = Release|Any CPU
		{A9EAD22A-DCF3-4753-B2C5-A15E419EB2EB}.Release|Any CPU.Build.0 = Release|Any CPU
	EndGlobalSection
	GlobalSection(SolutionProperties) = preSolution
		HideSolutionNode = FALSE
	EndGlobalSection
	GlobalSection(ExtensibilityGlobals) = postSolution
		SolutionGuid = {DBB2CE5B-56BE-4698-993A-F7D4566B566C}
	EndGlobalSection
EndGlobal
